
Microsoft Visual Studio Solution File, Format Version 12.00
# Visual Studio Version 17
VisualStudioVersion = 17.1.32210.238
MinimumVisualStudioVersion = 10.0.40219.1
Project("{9A19103F-16F7-4668-BE54-9A1E7A4F7556}") = "BankApi", "BankApi.csproj", "{1C76065E-DCD7-4D5B-8AB0-86B09356BEAF}"
EndProject
Global
	GlobalSection(SolutionConfigurationPlatforms) = preSolution
		Debug|Any CPU = Debug|Any CPU
		Release|Any CPU = Release|Any CPU
	EndGlobalSection
	GlobalSection(ProjectConfigurationPlatforms) = postSolution
		{1C76065E-DCD7-4D5B-8AB0-86B09356BEAF}.Debug|Any CPU.ActiveCfg = Debug|Any CPU
		{1C76065E-DCD7-4D5B-8AB0-86B09356BEAF}.Debug|Any CPU.Build.0 = Debug|Any CPU
		{1C76065E-DCD7-4D5B-8AB0-86B09356BEAF}.Release|Any CPU.ActiveCfg = Release|Any CPU
		{1C76065E-DCD7-4D5B-8AB0-86B09356BEAF}.Release|Any CPU.Build.0 = Release|Any CPU
	EndGlobalSection
	GlobalSection(SolutionProperties) = preSolution
		HideSolutionNode = FALSE
	EndGlobalSection
	GlobalSection(ExtensibilityGlobals) = postSolution
		SolutionGuid = {91B65BE8-4B40-4AEE-BB19-F0EFA0EF7432}
	EndGlobalSection
EndGlobal
